{
  "lockfileVersion": 1,
  "workspaces": {
    "": {
      "name": "vitepress-auth",
      "dependencies": {
        "@elysiajs/static": "^1.3.0",
        "@sinclair/typebox": "^0.34.33",
        "cac": "^6.7.14",
        "date-fns": "^4.1.0",
        "elysia": "^1.3.4",
        "kleur": "^4.1.5",
        "lodash": "^4.17.21",
        "quick-lru": "^7.0.1",
        "ulid": "^3.0.0",
        "yaml": "^2.8.0",
      },
      "devDependencies": {
        "@trivago/prettier-plugin-sort-imports": "^5.2.2",
        "@types/lodash": "^4.17.17",
        "bun-types": "^1.2.15",
        "prettier": "^3.5.3",
      },
    },
  },
  "packages": {
    "@babel/code-frame": ["@babel/code-frame@7.27.1", "", { "dependencies": { "@babel/helper-validator-identifier": "^7.27.1", "js-tokens": "^4.0.0", "picocolors": "^1.1.1" } }, "sha512-cjQ7ZlQ0Mv3b47hABuTevyTuYN4i+loJKGeV9flcCgIK37cCXRh+L1bd3iBHlynerhQ7BhCkn2BPbQUL+rGqFg=="],

    "@babel/generator": ["@babel/generator@7.27.5", "", { "dependencies": { "@babel/parser": "^7.27.5", "@babel/types": "^7.27.3", "@jridgewell/gen-mapping": "^0.3.5", "@jridgewell/trace-mapping": "^0.3.25", "jsesc": "^3.0.2" } }, "sha512-ZGhA37l0e/g2s1Cnzdix0O3aLYm66eF8aufiVteOgnwxgnRP8GoyMj7VWsgWnQbVKXyge7hqrFh2K2TQM6t1Hw=="],

    "@babel/helper-string-parser": ["@babel/helper-string-parser@7.27.1", "", {}, "sha512-qMlSxKbpRlAridDExk92nSobyDdpPijUq2DW6oDnUqd0iOGxmQjyqhMIihI9+zv4LPyZdRje2cavWPbCbWm3eA=="],

    "@babel/helper-validator-identifier": ["@babel/helper-validator-identifier@7.27.1", "", {}, "sha512-D2hP9eA+Sqx1kBZgzxZh0y1trbuU+JoDkiEwqhQ36nodYqJwyEIhPSdMNd7lOm/4io72luTPWH20Yda0xOuUow=="],

    "@babel/parser": ["@babel/parser@7.27.5", "", { "dependencies": { "@babel/types": "^7.27.3" }, "bin": "./bin/babel-parser.js" }, "sha512-OsQd175SxWkGlzbny8J3K8TnnDD0N3lrIUtB92xwyRpzaenGZhxDvxN/JgU00U3CDZNj9tPuDJ5H0WS4Nt3vKg=="],

    "@babel/template": ["@babel/template@7.27.2", "", { "dependencies": { "@babel/code-frame": "^7.27.1", "@babel/parser": "^7.27.2", "@babel/types": "^7.27.1" } }, "sha512-LPDZ85aEJyYSd18/DkjNh4/y1ntkE5KwUHWTiqgRxruuZL2F1yuHligVHLvcHY2vMHXttKFpJn6LwfI7cw7ODw=="],

    "@babel/traverse": ["@babel/traverse@7.27.4", "", { "dependencies": { "@babel/code-frame": "^7.27.1", "@babel/generator": "^7.27.3", "@babel/parser": "^7.27.4", "@babel/template": "^7.27.2", "@babel/types": "^7.27.3", "debug": "^4.3.1", "globals": "^11.1.0" } }, "sha512-oNcu2QbHqts9BtOWJosOVJapWjBDSxGCpFvikNR5TGDYDQf3JwpIoMzIKrvfoti93cLfPJEG4tH9SPVeyCGgdA=="],

    "@babel/types": ["@babel/types@7.27.6", "", { "dependencies": { "@babel/helper-string-parser": "^7.27.1", "@babel/helper-validator-identifier": "^7.27.1" } }, "sha512-ETyHEk2VHHvl9b9jZP5IHPavHYk57EhanlRRuae9XCpb/j5bDCbPPMOBfCWhnl/7EDJz0jEMCi/RhccCE8r1+Q=="],

    "@elysiajs/static": ["@elysiajs/static@1.3.0", "", { "dependencies": { "node-cache": "^5.1.2" }, "peerDependencies": { "elysia": ">= 1.3.0" } }, "sha512-7mWlj2U/AZvH27IfRKqpUjDP1W9ZRldF9NmdnatFEtx0AOy7YYgyk0rt5hXrH6wPcR//2gO2Qy+k5rwswpEhJA=="],

    "@jridgewell/gen-mapping": ["@jridgewell/gen-mapping@0.3.8", "", { "dependencies": { "@jridgewell/set-array": "^1.2.1", "@jridgewell/sourcemap-codec": "^1.4.10", "@jridgewell/trace-mapping": "^0.3.24" } }, "sha512-imAbBGkb+ebQyxKgzv5Hu2nmROxoDOXHh80evxdoXNOrvAnVx7zimzc1Oo5h9RlfV4vPXaE2iM5pOFbvOCClWA=="],

    "@jridgewell/resolve-uri": ["@jridgewell/resolve-uri@3.1.2", "", {}, "sha512-bRISgCIjP20/tbWSPWMEi54QVPRZExkuD9lJL+UIxUKtwVJA8wW1Trb1jMs1RFXo1CBTNZ/5hpC9QvmKWdopKw=="],

    "@jridgewell/set-array": ["@jridgewell/set-array@1.2.1", "", {}, "sha512-R8gLRTZeyp03ymzP/6Lil/28tGeGEzhx1q2k703KGWRAI1VdvPIXdG70VJc2pAMw3NA6JKL5hhFu1sJX0Mnn/A=="],

    "@jridgewell/sourcemap-codec": ["@jridgewell/sourcemap-codec@1.5.0", "", {}, "sha512-gv3ZRaISU3fjPAgNsriBRqGWQL6quFx04YMPW/zD8XMLsU32mhCCbfbO6KZFLjvYpCZ8zyDEgqsgf+PwPaM7GQ=="],

    "@jridgewell/trace-mapping": ["@jridgewell/trace-mapping@0.3.25", "", { "dependencies": { "@jridgewell/resolve-uri": "^3.1.0", "@jridgewell/sourcemap-codec": "^1.4.14" } }, "sha512-vNk6aEwybGtawWmy/PzwnGDOjCkLWSD2wqvjGGAgOAwCGWySYXfYoxt00IJkTF+8Lb57DwOb3Aa0o9CApepiYQ=="],

    "@sinclair/typebox": ["@sinclair/typebox@0.34.33", "", {}, "sha512-5HAV9exOMcXRUxo+9iYB5n09XxzCXnfy4VTNW4xnDv+FgjzAGY989C28BIdljKqmF+ZltUwujE3aossvcVtq6g=="],

    "@tokenizer/inflate": ["@tokenizer/inflate@0.2.7", "", { "dependencies": { "debug": "^4.4.0", "fflate": "^0.8.2", "token-types": "^6.0.0" } }, "sha512-MADQgmZT1eKjp06jpI2yozxaU9uVs4GzzgSL+uEq7bVcJ9V1ZXQkeGNql1fsSI0gMy1vhvNTNbUqrx+pZfJVmg=="],

    "@tokenizer/token": ["@tokenizer/token@0.3.0", "", {}, "sha512-OvjF+z51L3ov0OyAU0duzsYuvO01PH7x4t6DJx+guahgTnBHkhJdG7soQeTSFLWN3efnHyibZ4Z8l2EuWwJN3A=="],

    "@trivago/prettier-plugin-sort-imports": ["@trivago/prettier-plugin-sort-imports@5.2.2", "", { "dependencies": { "@babel/generator": "^7.26.5", "@babel/parser": "^7.26.7", "@babel/traverse": "^7.26.7", "@babel/types": "^7.26.7", "javascript-natural-sort": "^0.7.1", "lodash": "^4.17.21" }, "peerDependencies": { "@vue/compiler-sfc": "3.x", "prettier": "2.x - 3.x", "prettier-plugin-svelte": "3.x", "svelte": "4.x || 5.x" }, "optionalPeers": ["@vue/compiler-sfc", "prettier-plugin-svelte", "svelte"] }, "sha512-fYDQA9e6yTNmA13TLVSA+WMQRc5Bn/c0EUBditUHNfMMxN7M82c38b1kEggVE3pLpZ0FwkwJkUEKMiOi52JXFA=="],

    "@types/lodash": ["@types/lodash@4.17.17", "", {}, "sha512-RRVJ+J3J+WmyOTqnz3PiBLA501eKwXl2noseKOrNo/6+XEHjTAxO4xHvxQB6QuNm+s4WRbn6rSiap8+EA+ykFQ=="],

    "@types/node": ["@types/node@22.15.30", "", { "dependencies": { "undici-types": "~6.21.0" } }, "sha512-6Q7lr06bEHdlfplU6YRbgG1SFBdlsfNC4/lX+SkhiTs0cpJkOElmWls8PxDFv4yY/xKb8Y6SO0OmSX4wgqTZbA=="],

    "bun-types": ["bun-types@1.2.15", "", { "dependencies": { "@types/node": "*" } }, "sha512-NarRIaS+iOaQU1JPfyKhZm4AsUOrwUOqRNHY0XxI8GI8jYxiLXLcdjYMG9UKS+fwWasc1uw1htV9AX24dD+p4w=="],

    "cac": ["cac@6.7.14", "", {}, "sha512-b6Ilus+c3RrdDk+JhLKUAQfzzgLEPy6wcXqS7f/xe1EETvsDP6GORG7SFuOs6cID5YkqchW/LXZbX5bc8j7ZcQ=="],

    "clone": ["clone@2.1.2", "", {}, "sha512-3Pe/CF1Nn94hyhIYpjtiLhdCoEoz0DqQ+988E9gmeEdQZlojxnOb74wctFyuwWQHzqyf9X7C7MG8juUpqBJT8w=="],

    "cookie": ["cookie@1.0.2", "", {}, "sha512-9Kr/j4O16ISv8zBBhJoi4bXOYNTkFLOqSL3UDB0njXxCXNezjeyVrJyGOWtgfs/q2km1gwBcfH8q1yEGoMYunA=="],

    "date-fns": ["date-fns@4.1.0", "", {}, "sha512-Ukq0owbQXxa/U3EGtsdVBkR1w7KOQ5gIBqdH2hkvknzZPYvBxb/aa6E8L7tmjFtkwZBu3UXBbjIgPo/Ez4xaNg=="],

    "debug": ["debug@4.4.1", "", { "dependencies": { "ms": "^2.1.3" } }, "sha512-KcKCqiftBJcZr++7ykoDIEwSa3XWowTfNPo92BYxjXiyYEVrUQh2aLyhxBCwww+heortUFxEJYcRzosstTEBYQ=="],

    "elysia": ["elysia@1.3.4", "", { "dependencies": { "cookie": "^1.0.2", "exact-mirror": "0.1.2", "fast-decode-uri-component": "^1.0.1" }, "optionalDependencies": { "@sinclair/typebox": "^0.34.33", "openapi-types": "^12.1.3" }, "peerDependencies": { "file-type": ">= 20.0.0", "typescript": ">= 5.0.0" } }, "sha512-kAfM3Zwovy3z255IZgTKVxBw91HbgKhYl3TqrGRdZqqr+Fd+4eKOfvxgaKij22+MZLczPzIHtscAmvfpI3+q/A=="],

    "exact-mirror": ["exact-mirror@0.1.2", "", { "peerDependencies": { "@sinclair/typebox": "^0.34.15" }, "optionalPeers": ["@sinclair/typebox"] }, "sha512-wFCPCDLmHbKGUb8TOi/IS7jLsgR8WVDGtDK3CzcB4Guf/weq7G+I+DkXiRSZfbemBFOxOINKpraM6ml78vo8Zw=="],

    "fast-decode-uri-component": ["fast-decode-uri-component@1.0.1", "", {}, "sha512-WKgKWg5eUxvRZGwW8FvfbaH7AXSh2cL+3j5fMGzUMCxWBJ3dV3a7Wz8y2f/uQ0e3B6WmodD3oS54jTQ9HVTIIg=="],

    "fflate": ["fflate@0.8.2", "", {}, "sha512-cPJU47OaAoCbg0pBvzsgpTPhmhqI5eJjh/JIu8tPj5q+T7iLvW/JAYUqmE7KOB4R1ZyEhzBaIQpQpardBF5z8A=="],

    "file-type": ["file-type@21.0.0", "", { "dependencies": { "@tokenizer/inflate": "^0.2.7", "strtok3": "^10.2.2", "token-types": "^6.0.0", "uint8array-extras": "^1.4.0" } }, "sha512-ek5xNX2YBYlXhiUXui3D/BXa3LdqPmoLJ7rqEx2bKJ7EAUEfmXgW0Das7Dc6Nr9MvqaOnIqiPV0mZk/r/UpNAg=="],

    "globals": ["globals@11.12.0", "", {}, "sha512-WOBp/EEGUiIsJSp7wcv/y6MO+lV9UoncWqxuFfm8eBwzWNgyfBd6Gz+IeKQ9jCmyhoH99g15M3T+QaVHFjizVA=="],

    "ieee754": ["ieee754@1.2.1", "", {}, "sha512-dcyqhDvX1C46lXZcVqCpK+FtMRQVdIMN6/Df5js2zouUsqG7I6sFxitIC+7KYK29KdXOLHdu9zL4sFnoVQnqaA=="],

    "javascript-natural-sort": ["javascript-natural-sort@0.7.1", "", {}, "sha512-nO6jcEfZWQXDhOiBtG2KvKyEptz7RVbpGP4vTD2hLBdmNQSsCiicO2Ioinv6UI4y9ukqnBpy+XZ9H6uLNgJTlw=="],

    "js-tokens": ["js-tokens@4.0.0", "", {}, "sha512-RdJUflcE3cUzKiMqQgsCu06FPu9UdIJO0beYbPhHN4k6apgJtifcoCtT9bcxOpYBtpD2kCM6Sbzg4CausW/PKQ=="],

    "jsesc": ["jsesc@3.1.0", "", { "bin": { "jsesc": "bin/jsesc" } }, "sha512-/sM3dO2FOzXjKQhJuo0Q173wf2KOo8t4I8vHy6lF9poUp7bKT0/NHE8fPX23PwfhnykfqnC2xRxOnVw5XuGIaA=="],

    "kleur": ["kleur@4.1.5", "", {}, "sha512-o+NO+8WrRiQEE4/7nwRJhN1HWpVmJm511pBHUxPLtp0BUISzlBplORYSmTclCnJvQq2tKu/sgl3xVpkc7ZWuQQ=="],

    "lodash": ["lodash@4.17.21", "", {}, "sha512-v2kDEe57lecTulaDIuNTPy3Ry4gLGJ6Z1O3vE1krgXZNrsQ+LFTGHVxVjcXPs17LhbZVGedAJv8XZ1tvj5FvSg=="],

    "ms": ["ms@2.1.3", "", {}, "sha512-6FlzubTLZG3J2a/NVCAleEhjzq5oxgHyaCU9yYXvcLsvoVaHJq/s5xXI6/XXP6tz7R9xAOtHnSO/tXtF3WRTlA=="],

    "node-cache": ["node-cache@5.1.2", "", { "dependencies": { "clone": "2.x" } }, "sha512-t1QzWwnk4sjLWaQAS8CHgOJ+RAfmHpxFWmc36IWTiWHQfs0w5JDMBS1b1ZxQteo0vVVuWJvIUKHDkkeK7vIGCg=="],

    "openapi-types": ["openapi-types@12.1.3", "", {}, "sha512-N4YtSYJqghVu4iek2ZUvcN/0aqH1kRDuNqzcycDxhOUpg7GdvLa2F3DgS6yBNhInhv2r/6I0Flkn7CqL8+nIcw=="],

    "peek-readable": ["peek-readable@7.0.0", "", {}, "sha512-nri2TO5JE3/mRryik9LlHFT53cgHfRK0Lt0BAZQXku/AW3E6XLt2GaY8siWi7dvW/m1z0ecn+J+bpDa9ZN3IsQ=="],

    "picocolors": ["picocolors@1.1.1", "", {}, "sha512-xceH2snhtb5M9liqDsmEw56le376mTZkEX/jEb/RxNFyegNul7eNslCXP9FDj/Lcu0X8KEyMceP2ntpaHrDEVA=="],

    "prettier": ["prettier@3.5.3", "", { "bin": { "prettier": "bin/prettier.cjs" } }, "sha512-QQtaxnoDJeAkDvDKWCLiwIXkTgRhwYDEQCghU9Z6q03iyek/rxRh/2lC3HB7P8sWT2xC/y5JDctPLBIGzHKbhw=="],

    "quick-lru": ["quick-lru@7.0.1", "", {}, "sha512-kLjThirJMkWKutUKbZ8ViqFc09tDQhlbQo2MNuVeLWbRauqYP96Sm6nzlQ24F0HFjUNZ4i9+AgldJ9H6DZXi7g=="],

    "strtok3": ["strtok3@10.2.2", "", { "dependencies": { "@tokenizer/token": "^0.3.0", "peek-readable": "^7.0.0" } }, "sha512-Xt18+h4s7Z8xyZ0tmBoRmzxcop97R4BAh+dXouUDCYn+Em+1P3qpkUfI5ueWLT8ynC5hZ+q4iPEmGG1urvQGBg=="],

    "token-types": ["token-types@6.0.0", "", { "dependencies": { "@tokenizer/token": "^0.3.0", "ieee754": "^1.2.1" } }, "sha512-lbDrTLVsHhOMljPscd0yitpozq7Ga2M5Cvez5AjGg8GASBjtt6iERCAJ93yommPmz62fb45oFIXHEZ3u9bfJEA=="],

    "typescript": ["typescript@5.8.3", "", { "bin": { "tsc": "bin/tsc", "tsserver": "bin/tsserver" } }, "sha512-p1diW6TqL9L07nNxvRMM7hMMw4c5XOo/1ibL4aAIGmSAt9slTE1Xgw5KWuof2uTOvCg9BY7ZRi+GaF+7sfgPeQ=="],

    "uint8array-extras": ["uint8array-extras@1.4.0", "", {}, "sha512-ZPtzy0hu4cZjv3z5NW9gfKnNLjoz4y6uv4HlelAjDK7sY/xOkKZv9xK/WQpcsBB3jEybChz9DPC2U/+cusjJVQ=="],

    "ulid": ["ulid@3.0.0", "", { "bin": { "ulid": "dist/cli.js" } }, "sha512-yvZYdXInnJve6LdlPIuYmURdS2NP41ZoF4QW7SXwbUKYt53+0eDAySO+rGSvM2O/ciuB/G+8N7GQrZ1mCJpuqw=="],

    "undici-types": ["undici-types@6.21.0", "", {}, "sha512-iwDZqg0QAGrg9Rav5H4n0M64c3mkR59cJ6wQp+7C4nI0gsmExaedaYLNO44eT4AtBBwjbTiGPMlt2Md0T9H9JQ=="],

    "yaml": ["yaml@2.8.0", "", { "bin": { "yaml": "bin.mjs" } }, "sha512-4lLa/EcQCB0cJkyts+FpIRx5G/llPxfP6VQU5KByHEhLxY3IJCH0f0Hy1MHI8sClTvsIb8qwRJ6R/ZdlDJ/leQ=="],
  }
}
